// !$*UTF8*$!
{
	archiveVersion = 1;
	classes = {
	};
	objectVersion = 50;
	objects = {

/* Begin PBXBuildFile section */
		AF0A217724418C580050CE79 /* AppDelegate.swift in Sources */ = {isa = PBXBuildFile; fileRef = AF0A217624418C580050CE79 /* AppDelegate.swift */; };
		AF0A217924418C580050CE79 /* SceneDelegate.swift in Sources */ = {isa = PBXBuildFile; fileRef = AF0A217824418C580050CE79 /* SceneDelegate.swift */; };
		AF0A217B24418C580050CE79 /* OnboardingViewController.swift in Sources */ = {isa = PBXBuildFile; fileRef = AF0A217A24418C580050CE79 /* OnboardingViewController.swift */; };
		AF0A217E24418C580050CE79 /* Main.storyboard in Resources */ = {isa = PBXBuildFile; fileRef = AF0A217C24418C580050CE79 /* Main.storyboard */; };
		AF0A218124418C590050CE79 /* HolidayApp.xcdatamodeld in Sources */ = {isa = PBXBuildFile; fileRef = AF0A217F24418C590050CE79 /* HolidayApp.xcdatamodeld */; };
		AF0A218324418C5A0050CE79 /* Assets.xcassets in Resources */ = {isa = PBXBuildFile; fileRef = AF0A218224418C5A0050CE79 /* Assets.xcassets */; };
		AF0A218624418C5A0050CE79 /* LaunchScreen.storyboard in Resources */ = {isa = PBXBuildFile; fileRef = AF0A218424418C5A0050CE79 /* LaunchScreen.storyboard */; };
		AF0A2190244197C50050CE79 /* bg_video.mp4 in Resources */ = {isa = PBXBuildFile; fileRef = AF0A218F244197C50050CE79 /* bg_video.mp4 */; };
/* End PBXBuildFile section */

/* Begin PBXFileReference section */
		AF0A217324418C580050CE79 /* HolidayApp.app */ = {isa = PBXFileReference; explicitFileType = wrapper.application; includeInIndex = 0; path = HolidayApp.app; sourceTree = BUILT_PRODUCTS_DIR; };
		AF0A217624418C580050CE79 /* AppDelegate.swift */ = {isa = PBXFileReference; lastKnownFileType = sourcecode.swift; path = AppDelegate.swift; sourceTree = "<group>"; };
		AF0A217824418C580050CE79 /* SceneDelegate.swift */ = {isa = PBXFileReference; lastKnownFileType = sourcecode.swift; path = SceneDelegate.swift; sourceTree = "<group>"; };
		AF0A217A24418C580050CE79 /* OnboardingViewController.swift */ = {isa = PBXFileReference; lastKnownFileType = sourcecode.swift; path = OnboardingViewController.swift; sourceTree = "<group>"; };
		AF0A217D24418C580050CE79 /* Base */ = {isa = PBXFileReference; lastKnownFileType = file.storyboard; name = Base; path = Base.lproj/Main.storyboard; sourceTree = "<group>"; };
		AF0A218024418C590050CE79 /* HolidayApp.xcdatamodel */ = {isa = PBXFileReference; lastKnownFileType = wrapper.xcdatamodel; path = HolidayApp.xcdatamodel; sourceTree = "<group>"; };
		AF0A218224418C5A0050CE79 /* Assets.xcassets */ = {isa = PBXFileReference; lastKnownFileType = folder.assetcatalog; path = Assets.xcassets; sourceTree = "<group>"; };
		AF0A218524418C5A0050CE79 /* Base */ = {isa = PBXFileReference; lastKnownFileType = file.storyboard; name = Base; path = Base.lproj/LaunchScreen.storyboard; sourceTree = "<group>"; };
		AF0A218724418C5A0050CE79 /* Info.plist */ = {isa = PBXFileReference; lastKnownFileType = text.plist.xml; path = Info.plist; sourceTree = "<group>"; };
		AF0A218F244197C50050CE79 /* bg_video.mp4 */ = {isa = PBXFileReference; lastKnownFileType = file; path = bg_video.mp4; sourceTree = "<group>"; };
/* End PBXFileReference section */

/* Begin PBXFrameworksBuildPhase section */
		AF0A217024418C580050CE79 /* Frameworks */ = {
			isa = PBXFrameworksBuildPhase;
			buildActionMask = 2147483647;
			files = (
			);
			runOnlyForDeploymentPostprocessing = 0;
		};
/* End PBXFrameworksBuildPhase section */

/* Begin PBXGroup section */
		AF0A216A24418C580050CE79 = {
			isa = PBXGroup;
			children = (
				AF0A217524418C580050CE79 /* HolidayApp */,
				AF0A217424418C580050CE79 /* Products */,
			);
			sourceTree = "<group>";
		};
		AF0A217424418C580050CE79 /* Products */ = {
			isa = PBXGroup;
			children = (
				AF0A217324418C580050CE79 /* HolidayApp.app */,
			);
			name = Products;
			sourceTree = "<group>";
		};
		AF0A217524418C580050CE79 /* HolidayApp */ = {
			isa = PBXGroup;
			children = (
				AF0A218F244197C50050CE79 /* bg_video.mp4 */,
				AF0A217624418C580050CE79 /* AppDelegate.swift */,
				AF0A217824418C580050CE79 /* SceneDelegate.swift */,
				AF0A217A24418C580050CE79 /* OnboardingViewController.swift */,
				AF0A217C24418C580050CE79 /* Main.storyboard */,
				AF0A218224418C5A0050CE79 /* Assets.xcassets */,
				AF0A218424418C5A0050CE79 /* LaunchScreen.storyboard */,
				AF0A218724418C5A0050CE79 /* Info.plist */,
				AF0A217F24418C590050CE79 /* HolidayApp.xcdatamodeld */,
			);
			path = HolidayApp;
			sourceTree = "<group>";
		};
/* End PBXGroup section */

/* Begin PBXNativeTarget section */
		AF0A217224418C580050CE79 /* HolidayApp */ = {
			isa = PBXNativeTarget;
			buildConfigurationList = AF0A218A24418C5A0050CE79 /* Build configuration list for PBXNativeTarget "HolidayApp" */;
			buildPhases = (
				AF0A216F24418C580050CE79 /* Sources */,
				AF0A217024418C580050CE79 /* Frameworks */,
				AF0A217124418C580050CE79 /* Resources */,
			);
			buildRules = (
			);
			dependencies = (
			);
			name = HolidayApp;
			productName = HolidayApp;
			productReference = AF0A217324418C580050CE79 /* HolidayApp.app */;
			productType = "com.apple.product-type.application";
		};
/* End PBXNativeTarget section */

/* Begin PBXProject section */
		AF0A216B24418C580050CE79 /* Project object */ = {
			isa = PBXProject;
			attributes = {
				LastSwiftUpdateCheck = 1130;
				LastUpgradeCheck = 1130;
				ORGANIZATIONNAME = "Kevin Kho";
				TargetAttributes = {
					AF0A217224418C580050CE79 = {
						CreatedOnToolsVersion = 11.3.1;
					};
				};
			};
			buildConfigurationList = AF0A216E24418C580050CE79 /* Build configuration list for PBXProject "HolidayApp" */;
			compatibilityVersion = "Xcode 9.3";
			developmentRegion = en;
			hasScannedForEncodings = 0;
			knownRegions = (
				en,
				Base,
			);
			mainGroup = AF0A216A24418C580050CE79;
			productRefGroup = AF0A217424418C580050CE79 /* Products */;
			projectDirPath = "";
			projectRoot = "";
			targets = (
				AF0A217224418C580050CE79 /* HolidayApp */,
			);
		};
/* End PBXProject section */

/* Begin PBXResourcesBuildPhase section */
		AF0A217124418C580050CE79 /* Resources */ = {
			isa = PBXResourcesBuildPhase;
			buildActionMask = 2147483647;
			files = (
				AF0A218624418C5A0050CE79 /* LaunchScreen.storyboard in Resources */,
				AF0A218324418C5A0050CE79 /* Assets.xcassets in Resources */,
				AF0A2190244197C50050CE79 /* bg_video.mp4 in Resources */,
				AF0A217E24418C580050CE79 /* Main.storyboard in Resources */,
			);
			runOnlyForDeploymentPostprocessing = 0;
		};
/* End PBXResourcesBuildPhase section */

/* Begin PBXSourcesBuildPhase section */
		AF0A216F24418C580050CE79 /* Sources */ = {
			isa = PBXSourcesBuildPhase;
			buildActionMask = 2147483647;
			files = (
				AF0A217B24418C580050CE79 /* OnboardingViewController.swift in Sources */,
				AF0A217724418C580050CE79 /* AppDelegate.swift in Sources */,
				AF0A218124418C590050CE79 /* HolidayApp.xcdatamodeld in Sources */,
				AF0A217924418C580050CE79 /* SceneDelegate.swift in Sources */,
			);
			runOnlyForDeploymentPostprocessing = 0;
		};
/* End PBXSourcesBuildPhase section */

/* Begin PBXVariantGroup section */
		AF0A217C24418C580050CE79 /* Main.storyboard */ = {
			isa = PBXVariantGroup;
			children = (
				AF0A217D24418C580050CE79 /* Base */,
			);
			name = Main.storyboard;
			sourceTree = "<group>";
		};
		AF0A218424418C5A0050CE79 /* LaunchScreen.storyboard */ = {
			isa = PBXVariantGroup;
			children = (
				AF0A218524418C5A0050CE79 /* Base */,
			);
			name = LaunchScreen.storyboard;
			sourceTree = "<group>";
		};
/* End PBXVariantGroup section */

/* Begin XCBuildConfiguration section */
		AF0A218824418C5A0050CE79 /* Debug */ = {
			isa = XCBuildConfiguration;
			buildSettings = {
				ALWAYS_SEARCH_USER_PATHS = NO;
				CLANG_ANALYZER_NONNULL = YES;
				CLANG_ANALYZER_NUMBER_OBJECT_CONVERSION = YES_AGGRESSIVE;
				CLANG_CXX_LANGUAGE_STANDARD = "gnu++14";
				CLANG_CXX_LIBRARY = "libc++";
				CLANG_ENABLE_MODULES = YES;
				CLANG_ENABLE_OBJC_ARC = YES;
				CLANG_ENABLE_OBJC_WEAK = YES;
				CLANG_WARN_BLOCK_CAPTURE_AUTORELEASING = YES;
				CLANG_WARN_BOOL_CONVERSION = YES;
				CLANG_WARN_COMMA = YES;
				CLANG_WARN_CONSTANT_CONVERSION = YES;
				CLANG_WARN_DEPRECATED_OBJC_IMPLEMENTATIONS = YES;
				CLANG_WARN_DIRECT_OBJC_ISA_USAGE = YES_ERROR;
				CLANG_WARN_DOCUMENTATION_COMMENTS = YES;
				CLANG_WARN_EMPTY_BODY = YES;
				CLANG_WARN_ENUM_CONVERSION = YES;
				CLANG_WARN_INFINITE_RECURSION = YES;
				CLANG_WARN_INT_CONVERSION = YES;
				CLANG_WARN_NON_LITERAL_NULL_CONVERSION = YES;
				CLANG_WARN_OBJC_IMPLICIT_RETAIN_SELF = YES;
				CLANG_WARN_OBJC_LITERAL_CONVERSION = YES;
				CLANG_WARN_OBJC_ROOT_CLASS = YES_ERROR;
				CLANG_WARN_RANGE_LOOP_ANALYSIS = YES;
				CLANG_WARN_STRICT_PROTOTYPES = YES;
				CLANG_WARN_SUSPICIOUS_MOVE = YES;
				CLANG_WARN_UNGUARDED_AVAILABILITY = YES_AGGRESSIVE;
				CLANG_WARN_UNREACHABLE_CODE = YES;
				CLANG_WARN__DUPLICATE_METHOD_MATCH = YES;
				COPY_PHASE_STRIP = NO;
				DEBUG_INFORMATION_FORMAT = dwarf;
				ENABLE_STRICT_OBJC_MSGSEND = YES;
				ENABLE_TESTABILITY = YES;
				GCC_C_LANGUAGE_STANDARD = gnu11;
				GCC_DYNAMIC_NO_PIC = NO;
				GCC_NO_COMMON_BLOCKS = YES;
				GCC_OPTIMIZATION_LEVEL = 0;
				GCC_PREPROCESSOR_DEFINITIONS = (
					"DEBUG=1",
					"$(inherited)",
				);
				GCC_WARN_64_TO_32_BIT_CONVERSION = YES;
				GCC_WARN_ABOUT_RETURN_TYPE = YES_ERROR;
				GCC_WARN_UNDECLARED_SELECTOR = YES;
				GCC_WARN_UNINITIALIZED_AUTOS = YES_AGGRESSIVE;
				GCC_WARN_UNUSED_FUNCTION = YES;
				GCC_WARN_UNUSED_VARIABLE = YES;
				IPHONEOS_DEPLOYMENT_TARGET = 13.2;
				MTL_ENABLE_DEBUG_INFO = INCLUDE_SOURCE;
				MTL_FAST_MATH = YES;
				ONLY_ACTIVE_ARCH = YES;
				SDKROOT = iphoneos;
				SWIFT_ACTIVE_COMPILATION_CONDITIONS = DEBUG;
				SWIFT_OPTIMIZATION_LEVEL = "-Onone";
			};
			name = Debug;
		};
		AF0A218924418C5A0050CE79 /* Release */ = {
			isa = XCBuildConfiguration;
			buildSettings = {
				ALWAYS_SEARCH_USER_PATHS = NO;
				CLANG_ANALYZER_NONNULL = YES;
				CLANG_ANALYZER_NUMBER_OBJECT_CONVERSION = YES_AGGRESSIVE;
				CLANG_CXX_LANGUAGE_STANDARD = "gnu++14";
				CLANG_CXX_LIBRARY = "libc++";
				CLANG_ENABLE_MODULES = YES;
				CLANG_ENABLE_OBJC_ARC = YES;
				CLANG_ENABLE_OBJC_WEAK = YES;
				CLANG_WARN_BLOCK_CAPTURE_AUTORELEASING = YES;
				CLANG_WARN_BOOL_CONVERSION = YES;
				CLANG_WARN_COMMA = YES;
				CLANG_WARN_CONSTANT_CONVERSION = YES;
				CLANG_WARN_DEPRECATED_OBJC_IMPLEMENTATIONS = YES;
				CLANG_WARN_DIRECT_OBJC_ISA_USAGE = YES_ERROR;
				CLANG_WARN_DOCUMENTATION_COMMENTS = YES;
				CLANG_WARN_EMPTY_BODY = YES;
				CLANG_WARN_ENUM_CONVERSION = YES;
				CLANG_WARN_INFINITE_RECURSION = YES;
				CLANG_WARN_INT_CONVERSION = YES;
				CLANG_WARN_NON_LITERAL_NULL_CONVERSION = YES;
				CLANG_WARN_OBJC_IMPLICIT_RETAIN_SELF = YES;
				CLANG_WARN_OBJC_LITERAL_CONVERSION = YES;
				CLANG_WARN_OBJC_ROOT_CLASS = YES_ERROR;
				CLANG_WARN_RANGE_LOOP_ANALYSIS = YES;
				CLANG_WARN_STRICT_PROTOTYPES = YES;
				CLANG_WARN_SUSPICIOUS_MOVE = YES;
				CLANG_WARN_UNGUARDED_AVAILABILITY = YES_AGGRESSIVE;
				CLANG_WARN_UNREACHABLE_CODE = YES;
				CLANG_WARN__DUPLICATE_METHOD_MATCH = YES;
				COPY_PHASE_STRIP = NO;
				DEBUG_INFORMATION_FORMAT = "dwarf-with-dsym";
				ENABLE_NS_ASSERTIONS = NO;
				ENABLE_STRICT_OBJC_MSGSEND = YES;
				GCC_C_LANGUAGE_STANDARD = gnu11;
				GCC_NO_COMMON_BLOCKS = YES;
				GCC_WARN_64_TO_32_BIT_CONVERSION = YES;
				GCC_WARN_ABOUT_RETURN_TYPE = YES_ERROR;
				GCC_WARN_UNDECLARED_SELECTOR = YES;
				GCC_WARN_UNINITIALIZED_AUTOS = YES_AGGRESSIVE;
				GCC_WARN_UNUSED_FUNCTION = YES;
				GCC_WARN_UNUSED_VARIABLE = YES;
				IPHONEOS_DEPLOYMENT_TARGET = 13.2;
				MTL_ENABLE_DEBUG_INFO = NO;
				MTL_FAST_MATH = YES;
				SDKROOT = iphoneos;
				SWIFT_COMPILATION_MODE = wholemodule;
				SWIFT_OPTIMIZATION_LEVEL = "-O";
				VALIDATE_PRODUCT = YES;
			};
			name = Release;
		};
		AF0A218B24418C5A0050CE79 /* Debug */ = {
			isa = XCBuildConfiguration;
			buildSettings = {
				ASSETCATALOG_COMPILER_APPICON_NAME = AppIcon;
				CODE_SIGN_STYLE = Automatic;
				DEVELOPMENT_TEAM = 96NK236QKY;
				INFOPLIST_FILE = HolidayApp/Info.plist;
				LD_RUNPATH_SEARCH_PATHS = (
					"$(inherited)",
					"@executable_path/Frameworks",
				);
				PRODUCT_BUNDLE_IDENTIFIER = kevkho.HolidayApp;
				PRODUCT_NAME = "$(TARGET_NAME)";
				SWIFT_VERSION = 5.0;
				TARGETED_DEVICE_FAMILY = "1,2";
			};
			name = Debug;
		};
		AF0A218C24418C5A0050CE79 /* Release */ = {
			isa = XCBuildConfiguration;
			buildSettings = {
				ASSETCATALOG_COMPILER_APPICON_NAME = AppIcon;
				CODE_SIGN_STYLE = Automatic;
				DEVELOPMENT_TEAM = 96NK236QKY;
				INFOPLIST_FILE = HolidayApp/Info.plist;
				LD_RUNPATH_SEARCH_PATHS = (
					"$(inherited)",
					"@executable_path/Frameworks",
				);
				PRODUCT_BUNDLE_IDENTIFIER = kevkho.HolidayApp;
				PRODUCT_NAME = "$(TARGET_NAME)";
				SWIFT_VERSION = 5.0;
				TARGETED_DEVICE_FAMILY = "1,2";
			};
			name = Release;
		};
/* End XCBuildConfiguration section */

/* Begin XCConfigurationList section */
		AF0A216E24418C580050CE79 /* Build configuration list for PBXProject "HolidayApp" */ = {
			isa = XCConfigurationList;
			buildConfigurations = (
				AF0A218824418C5A0050CE79 /* Debug */,
				AF0A218924418C5A0050CE79 /* Release */,
			);
			defaultConfigurationIsVisible = 0;
			defaultConfigurationName = Release;
		};
		AF0A218A24418C5A0050CE79 /* Build configuration list for PBXNativeTarget "HolidayApp" */ = {
			isa = XCConfigurationList;
			buildConfigurations = (
				AF0A218B24418C5A0050CE79 /* Debug */,
				AF0A218C24418C5A0050CE79 /* Release */,
			);
			defaultConfigurationIsVisible = 0;
			defaultConfigurationName = Release;
		};
/* End XCConfigurationList section */

/* Begin XCVersionGroup section */
		AF0A217F24418C590050CE79 /* HolidayApp.xcdatamodeld */ = {
			isa = XCVersionGroup;
			children = (
				AF0A218024418C590050CE79 /* HolidayApp.xcdatamodel */,
			);
			currentVersion = AF0A218024418C590050CE79 /* HolidayApp.xcdatamodel */;
			path = HolidayApp.xcdatamodeld;
			sourceTree = "<group>";
			versionGroupType = wrapper.xcdatamodel;
		};
/* End XCVersionGroup section */
	};
	rootObject = AF0A216B24418C580050CE79 /* Project object */;
}
